// !$*UTF8*$!
{
	archiveVersion = 1;
	classes = {
	};
	objectVersion = 77;
	objects = {

/* Begin PBXBuildFile section */
		1E4C761F2EE87A3A004748ED /* DirectGTDCore in Frameworks */ = {isa = PBXBuildFile; productRef = 1E4C761E2EE87A3A004748ED /* DirectGTDCore */; };
		1EA486A92EC443DF0017F6CA /* GRDB in Frameworks */ = {isa = PBXBuildFile; productRef = 1EA486A82EC443DF0017F6CA /* GRDB */; };
		1EA486AC2EC443E00017F6CA /* MarkdownUI in Frameworks */ = {isa = PBXBuildFile; productRef = 1EA486AB2EC443E00017F6CA /* MarkdownUI */; };
		1EA486B02EC5000000000001 /* DirectGTDCore in Frameworks */ = {isa = PBXBuildFile; productRef = 1EA486B12EC5000000000001 /* DirectGTDCore */; };
		1EF674C72EE7C50200BB5B6F /* DirectGTDCore in Frameworks */ = {isa = PBXBuildFile; productRef = 1EA486B42EC5000000000003 /* DirectGTDCore */; };
		1EF674C82EE7C50200BB5B6F /* DirectGTDCore in Frameworks */ = {isa = PBXBuildFile; productRef = 1EA486B52EC5000000000004 /* DirectGTDCore */; };
		1EF675352EE8432300BB5B6F /* GRDB in Frameworks */ = {isa = PBXBuildFile; productRef = 1EF675342EE8432300BB5B6F /* GRDB */; };
		1EF675372EE846FD00BB5B6F /* GRDB in Frameworks */ = {isa = PBXBuildFile; productRef = 1EF675362EE846FD00BB5B6F /* GRDB */; };
/* End PBXBuildFile section */

/* Begin PBXContainerItemProxy section */
		1E4C76042EE86FA5004748ED /* PBXContainerItemProxy */ = {
			isa = PBXContainerItemProxy;
			containerPortal = 1EA486692EC43FAA0017F6CA /* Project object */;
			proxyType = 1;
			remoteGlobalIDString = 1E4C75F62EE86FA3004748ED;
			remoteInfo = "DirectGTD-iOS";
		};
		1E4C760E2EE86FA5004748ED /* PBXContainerItemProxy */ = {
			isa = PBXContainerItemProxy;
			containerPortal = 1EA486692EC43FAA0017F6CA /* Project object */;
			proxyType = 1;
			remoteGlobalIDString = 1E4C75F62EE86FA3004748ED;
			remoteInfo = "DirectGTD-iOS";
		};
		1EA4867F2EC43FAD0017F6CA /* PBXContainerItemProxy */ = {
			isa = PBXContainerItemProxy;
			containerPortal = 1EA486692EC43FAA0017F6CA /* Project object */;
			proxyType = 1;
			remoteGlobalIDString = 1EA486702EC43FAA0017F6CA;
			remoteInfo = DirectGTD;
		};
		1EA486892EC43FAD0017F6CA /* PBXContainerItemProxy */ = {
			isa = PBXContainerItemProxy;
			containerPortal = 1EA486692EC43FAA0017F6CA /* Project object */;
			proxyType = 1;
			remoteGlobalIDString = 1EA486702EC43FAA0017F6CA;
			remoteInfo = DirectGTD;
		};
/* End PBXContainerItemProxy section */

/* Begin PBXFileReference section */
		1E4C75F72EE86FA3004748ED /* DirectGTD-iOS.app */ = {isa = PBXFileReference; explicitFileType = wrapper.application; includeInIndex = 0; path = "DirectGTD-iOS.app"; sourceTree = BUILT_PRODUCTS_DIR; };
		1E4C76032EE86FA5004748ED /* DirectGTD-iOSTests.xctest */ = {isa = PBXFileReference; explicitFileType = wrapper.cfbundle; includeInIndex = 0; path = "DirectGTD-iOSTests.xctest"; sourceTree = BUILT_PRODUCTS_DIR; };
		1E4C760D2EE86FA5004748ED /* DirectGTD-iOSUITests.xctest */ = {isa = PBXFileReference; explicitFileType = wrapper.cfbundle; includeInIndex = 0; path = "DirectGTD-iOSUITests.xctest"; sourceTree = BUILT_PRODUCTS_DIR; };
		1EA486712EC43FAA0017F6CA /* DirectGTD.app */ = {isa = PBXFileReference; explicitFileType = wrapper.application; includeInIndex = 0; path = DirectGTD.app; sourceTree = BUILT_PRODUCTS_DIR; };
		1EA4867E2EC43FAD0017F6CA /* DirectGTDTests.xctest */ = {isa = PBXFileReference; explicitFileType = wrapper.cfbundle; includeInIndex = 0; path = DirectGTDTests.xctest; sourceTree = BUILT_PRODUCTS_DIR; };
		1EA486882EC43FAD0017F6CA /* DirectGTDUITests.xctest */ = {isa = PBXFileReference; explicitFileType = wrapper.cfbundle; includeInIndex = 0; path = DirectGTDUITests.xctest; sourceTree = BUILT_PRODUCTS_DIR; };
		1EA486B22EC5000000000001 /* DirectGTDCore */ = {isa = PBXFileReference; lastKnownFileType = wrapper; path = DirectGTDCore; sourceTree = "<group>"; };
/* End PBXFileReference section */

/* Begin PBXFileSystemSynchronizedBuildFileExceptionSet section */
		1EA486AA2EC443DF0017F6CB /* Exceptions for "DirectGTD" folder in "DirectGTD" target */ = {
			isa = PBXFileSystemSynchronizedBuildFileExceptionSet;
			membershipExceptions = (
				Info.plist,
			);
			target = 1EA486702EC43FAA0017F6CA /* DirectGTD */;
		};
/* End PBXFileSystemSynchronizedBuildFileExceptionSet section */

/* Begin PBXFileSystemSynchronizedRootGroup section */
		1E4C75F82EE86FA3004748ED /* DirectGTD-iOS */ = {
			isa = PBXFileSystemSynchronizedRootGroup;
			path = "DirectGTD-iOS";
			sourceTree = "<group>";
		};
		1E4C76062EE86FA5004748ED /* DirectGTD-iOSTests */ = {
			isa = PBXFileSystemSynchronizedRootGroup;
			path = "DirectGTD-iOSTests";
			sourceTree = "<group>";
		};
		1E4C76102EE86FA5004748ED /* DirectGTD-iOSUITests */ = {
			isa = PBXFileSystemSynchronizedRootGroup;
			path = "DirectGTD-iOSUITests";
			sourceTree = "<group>";
		};
		1EA486732EC43FAA0017F6CA /* DirectGTD */ = {
			isa = PBXFileSystemSynchronizedRootGroup;
			exceptions = (
				1EA486AA2EC443DF0017F6CB /* Exceptions for "DirectGTD" folder in "DirectGTD" target */,
			);
			path = DirectGTD;
			sourceTree = "<group>";
		};
		1EA486812EC43FAD0017F6CA /* DirectGTDTests */ = {
			isa = PBXFileSystemSynchronizedRootGroup;
			path = DirectGTDTests;
			sourceTree = "<group>";
		};
/* End PBXFileSystemSynchronizedRootGroup section */

/* Begin PBXFrameworksBuildPhase section */
		1E4C75F42EE86FA3004748ED /* Frameworks */ = {
			isa = PBXFrameworksBuildPhase;
			buildActionMask = 2147483647;
			files = (
				1E4C761F2EE87A3A004748ED /* DirectGTDCore in Frameworks */,
			);
			runOnlyForDeploymentPostprocessing = 0;
		};
		1E4C76002EE86FA5004748ED /* Frameworks */ = {
			isa = PBXFrameworksBuildPhase;
			buildActionMask = 2147483647;
			files = (
			);
			runOnlyForDeploymentPostprocessing = 0;
		};
		1E4C760A2EE86FA5004748ED /* Frameworks */ = {
			isa = PBXFrameworksBuildPhase;
			buildActionMask = 2147483647;
			files = (
			);
			runOnlyForDeploymentPostprocessing = 0;
		};
		1EA4866E2EC43FAA0017F6CA /* Frameworks */ = {
			isa = PBXFrameworksBuildPhase;
			buildActionMask = 2147483647;
			files = (
				1EA486A92EC443DF0017F6CA /* GRDB in Frameworks */,
				1EA486AC2EC443E00017F6CA /* MarkdownUI in Frameworks */,
				1EA486B02EC5000000000001 /* DirectGTDCore in Frameworks */,
			);
			runOnlyForDeploymentPostprocessing = 0;
		};
		1EA4867B2EC43FAD0017F6CA /* Frameworks */ = {
			isa = PBXFrameworksBuildPhase;
			buildActionMask = 2147483647;
			files = (
				1EF674C72EE7C50200BB5B6F /* DirectGTDCore in Frameworks */,
				1EF675372EE846FD00BB5B6F /* GRDB in Frameworks */,
			);
			runOnlyForDeploymentPostprocessing = 0;
		};
		1EA486852EC43FAD0017F6CA /* Frameworks */ = {
			isa = PBXFrameworksBuildPhase;
			buildActionMask = 2147483647;
			files = (
				1EF674C82EE7C50200BB5B6F /* DirectGTDCore in Frameworks */,
				1EF675352EE8432300BB5B6F /* GRDB in Frameworks */,
			);
			runOnlyForDeploymentPostprocessing = 0;
		};
/* End PBXFrameworksBuildPhase section */

/* Begin PBXGroup section */
		1EA486682EC43FAA0017F6CA = {
			isa = PBXGroup;
			children = (
				1EA486B22EC5000000000001 /* DirectGTDCore */,
				1EA486730EC43FAA0017F6CA /* Packages */,
				1EA486732EC43FAA0017F6CA /* DirectGTD */,
				1EA486812EC43FAD0017F6CA /* DirectGTDTests */,
				1E4C75F82EE86FA3004748ED /* DirectGTD-iOS */,
				1E4C76062EE86FA5004748ED /* DirectGTD-iOSTests */,
				1E4C76102EE86FA5004748ED /* DirectGTD-iOSUITests */,
				1EF675332EE8432300BB5B6F /* Frameworks */,
				1EA486722EC43FAA0017F6CA /* Products */,
			);
			sourceTree = "<group>";
		};
		1EA486722EC43FAA0017F6CA /* Products */ = {
			isa = PBXGroup;
			children = (
				1EA486712EC43FAA0017F6CA /* DirectGTD.app */,
				1EA4867E2EC43FAD0017F6CA /* DirectGTDTests.xctest */,
				1EA486882EC43FAD0017F6CA /* DirectGTDUITests.xctest */,
				1E4C75F72EE86FA3004748ED /* DirectGTD-iOS.app */,
				1E4C76032EE86FA5004748ED /* DirectGTD-iOSTests.xctest */,
				1E4C760D2EE86FA5004748ED /* DirectGTD-iOSUITests.xctest */,
			);
			name = Products;
			sourceTree = "<group>";
		};
		1EA486730EC43FAA0017F6CA /* Packages */ = {
			isa = PBXGroup;
			children = (
			);
			name = Packages;
			sourceTree = "<group>";
		};
		1EF675332EE8432300BB5B6F /* Frameworks */ = {
			isa = PBXGroup;
			children = (
			);
			name = Frameworks;
			sourceTree = "<group>";
		};
/* End PBXGroup section */

/* Begin PBXNativeTarget section */
		1E4C75F62EE86FA3004748ED /* DirectGTD-iOS */ = {
			isa = PBXNativeTarget;
			buildConfigurationList = 1E4C761B2EE86FA5004748ED /* Build configuration list for PBXNativeTarget "DirectGTD-iOS" */;
			buildPhases = (
				1E4C75F32EE86FA3004748ED /* Sources */,
				1E4C75F42EE86FA3004748ED /* Frameworks */,
				1E4C75F52EE86FA3004748ED /* Resources */,
			);
			buildRules = (
			);
			dependencies = (
			);
			fileSystemSynchronizedGroups = (
				1E4C75F82EE86FA3004748ED /* DirectGTD-iOS */,
			);
			name = "DirectGTD-iOS";
			packageProductDependencies = (
				1E4C761E2EE87A3A004748ED /* DirectGTDCore */,
			);
			productName = "DirectGTD-iOS";
			productReference = 1E4C75F72EE86FA3004748ED /* DirectGTD-iOS.app */;
			productType = "com.apple.product-type.application";
		};
		1E4C76022EE86FA5004748ED /* DirectGTD-iOSTests */ = {
			isa = PBXNativeTarget;
			buildConfigurationList = 1E4C761C2EE86FA5004748ED /* Build configuration list for PBXNativeTarget "DirectGTD-iOSTests" */;
			buildPhases = (
				1E4C75FF2EE86FA5004748ED /* Sources */,
				1E4C76002EE86FA5004748ED /* Frameworks */,
				1E4C76012EE86FA5004748ED /* Resources */,
			);
			buildRules = (
			);
			dependencies = (
				1E4C76052EE86FA5004748ED /* PBXTargetDependency */,
			);
			fileSystemSynchronizedGroups = (
				1E4C76062EE86FA5004748ED /* DirectGTD-iOSTests */,
			);
			name = "DirectGTD-iOSTests";
			packageProductDependencies = (
			);
			productName = "DirectGTD-iOSTests";
			productReference = 1E4C76032EE86FA5004748ED /* DirectGTD-iOSTests.xctest */;
			productType = "com.apple.product-type.bundle.unit-test";
		};
		1E4C760C2EE86FA5004748ED /* DirectGTD-iOSUITests */ = {
			isa = PBXNativeTarget;
			buildConfigurationList = 1E4C761D2EE86FA5004748ED /* Build configuration list for PBXNativeTarget "DirectGTD-iOSUITests" */;
			buildPhases = (
				1E4C76092EE86FA5004748ED /* Sources */,
				1E4C760A2EE86FA5004748ED /* Frameworks */,
				1E4C760B2EE86FA5004748ED /* Resources */,
			);
			buildRules = (
			);
			dependencies = (
				1E4C760F2EE86FA5004748ED /* PBXTargetDependency */,
			);
			fileSystemSynchronizedGroups = (
				1E4C76102EE86FA5004748ED /* DirectGTD-iOSUITests */,
			);
			name = "DirectGTD-iOSUITests";
			packageProductDependencies = (
			);
			productName = "DirectGTD-iOSUITests";
			productReference = 1E4C760D2EE86FA5004748ED /* DirectGTD-iOSUITests.xctest */;
			productType = "com.apple.product-type.bundle.ui-testing";
		};
		1EA486702EC43FAA0017F6CA /* DirectGTD */ = {
			isa = PBXNativeTarget;
			buildConfigurationList = 1EA486922EC43FAD0017F6CA /* Build configuration list for PBXNativeTarget "DirectGTD" */;
			buildPhases = (
				1EA4866D2EC43FAA0017F6CA /* Sources */,
				1EA4866E2EC43FAA0017F6CA /* Frameworks */,
				1EA4866F2EC43FAA0017F6CA /* Resources */,
			);
			buildRules = (
			);
			dependencies = (
			);
			fileSystemSynchronizedGroups = (
				1EA486732EC43FAA0017F6CA /* DirectGTD */,
			);
			name = DirectGTD;
			packageProductDependencies = (
				1EA486A82EC443DF0017F6CA /* GRDB */,
				1EA486AB2EC443E00017F6CA /* MarkdownUI */,
				1EA486B12EC5000000000001 /* DirectGTDCore */,
			);
			productName = DirectGTD;
			productReference = 1EA486712EC43FAA0017F6CA /* DirectGTD.app */;
			productType = "com.apple.product-type.application";
		};
		1EA4867D2EC43FAD0017F6CA /* DirectGTDTests */ = {
			isa = PBXNativeTarget;
			buildConfigurationList = 1EA486952EC43FAD0017F6CA /* Build configuration list for PBXNativeTarget "DirectGTDTests" */;
			buildPhases = (
				1EA4867A2EC43FAD0017F6CA /* Sources */,
				1EA4867B2EC43FAD0017F6CA /* Frameworks */,
				1EA4867C2EC43FAD0017F6CA /* Resources */,
			);
			buildRules = (
			);
			dependencies = (
				1EA486802EC43FAD0017F6CA /* PBXTargetDependency */,
			);
			fileSystemSynchronizedGroups = (
				1EA486812EC43FAD0017F6CA /* DirectGTDTests */,
			);
			name = DirectGTDTests;
			packageProductDependencies = (
				1EA486B42EC5000000000003 /* DirectGTDCore */,
				1EF675362EE846FD00BB5B6F /* GRDB */,
			);
			productName = DirectGTDTests;
			productReference = 1EA4867E2EC43FAD0017F6CA /* DirectGTDTests.xctest */;
			productType = "com.apple.product-type.bundle.unit-test";
		};
		1EA486872EC43FAD0017F6CA /* DirectGTDUITests */ = {
			isa = PBXNativeTarget;
			buildConfigurationList = 1EA486982EC43FAD0017F6CA /* Build configuration list for PBXNativeTarget "DirectGTDUITests" */;
			buildPhases = (
				1EA486842EC43FAD0017F6CA /* Sources */,
				1EA486852EC43FAD0017F6CA /* Frameworks */,
				1EA486862EC43FAD0017F6CA /* Resources */,
			);
			buildRules = (
			);
			dependencies = (
				1EA4868A2EC43FAD0017F6CA /* PBXTargetDependency */,
			);
			name = DirectGTDUITests;
			packageProductDependencies = (
				1EA486B52EC5000000000004 /* DirectGTDCore */,
				1EF675342EE8432300BB5B6F /* GRDB */,
			);
			productName = DirectGTDUITests;
			productReference = 1EA486882EC43FAD0017F6CA /* DirectGTDUITests.xctest */;
			productType = "com.apple.product-type.bundle.ui-testing";
		};
/* End PBXNativeTarget section */

/* Begin PBXProject section */
		1EA486692EC43FAA0017F6CA /* Project object */ = {
			isa = PBXProject;
			attributes = {
				BuildIndependentTargetsInParallel = 1;
				LastSwiftUpdateCheck = 2610;
				LastUpgradeCheck = 2610;
				TargetAttributes = {
					1E4C75F62EE86FA3004748ED = {
						CreatedOnToolsVersion = 26.1.1;
					};
					1E4C76022EE86FA5004748ED = {
						CreatedOnToolsVersion = 26.1.1;
						TestTargetID = 1E4C75F62EE86FA3004748ED;
					};
					1E4C760C2EE86FA5004748ED = {
						CreatedOnToolsVersion = 26.1.1;
						TestTargetID = 1E4C75F62EE86FA3004748ED;
					};
					1EA486702EC43FAA0017F6CA = {
						CreatedOnToolsVersion = 26.1;
					};
					1EA4867D2EC43FAD0017F6CA = {
						CreatedOnToolsVersion = 26.1;
						TestTargetID = 1EA486702EC43FAA0017F6CA;
					};
					1EA486872EC43FAD0017F6CA = {
						CreatedOnToolsVersion = 26.1;
						TestTargetID = 1EA486702EC43FAA0017F6CA;
					};
				};
			};
			buildConfigurationList = 1EA4866C2EC43FAA0017F6CA /* Build configuration list for PBXProject "DirectGTD" */;
			developmentRegion = en;
			hasScannedForEncodings = 0;
			knownRegions = (
				en,
				Base,
			);
			mainGroup = 1EA486682EC43FAA0017F6CA;
			minimizedProjectReferenceProxies = 1;
			packageReferences = (
				1EA486A72EC443DF0017F6CA /* XCRemoteSwiftPackageReference "GRDB" */,
				1EA486AA2EC443E00017F6CA /* XCRemoteSwiftPackageReference "swift-markdown-ui" */,
				1EA486B32EC5000000000002 /* XCLocalSwiftPackageReference "DirectGTDCore" */,
			);
			preferredProjectObjectVersion = 77;
			productRefGroup = 1EA486722EC43FAA0017F6CA /* Products */;
			projectDirPath = "";
			projectRoot = "";
			targets = (
				1EA486702EC43FAA0017F6CA /* DirectGTD */,
				1EA4867D2EC43FAD0017F6CA /* DirectGTDTests */,
				1EA486872EC43FAD0017F6CA /* DirectGTDUITests */,
				1E4C75F62EE86FA3004748ED /* DirectGTD-iOS */,
				1E4C76022EE86FA5004748ED /* DirectGTD-iOSTests */,
				1E4C760C2EE86FA5004748ED /* DirectGTD-iOSUITests */,
			);
		};
/* End PBXProject section */

/* Begin PBXResourcesBuildPhase section */
		1E4C75F52EE86FA3004748ED /* Resources */ = {
			isa = PBXResourcesBuildPhase;
			buildActionMask = 2147483647;
			files = (
			);
			runOnlyForDeploymentPostprocessing = 0;
		};
		1E4C76012EE86FA5004748ED /* Resources */ = {
			isa = PBXResourcesBuildPhase;
			buildActionMask = 2147483647;
			files = (
			);
			runOnlyForDeploymentPostprocessing = 0;
		};
		1E4C760B2EE86FA5004748ED /* Resources */ = {
			isa = PBXResourcesBuildPhase;
			buildActionMask = 2147483647;
			files = (
			);
			runOnlyForDeploymentPostprocessing = 0;
		};
		1EA4866F2EC43FAA0017F6CA /* Resources */ = {
			isa = PBXResourcesBuildPhase;
			buildActionMask = 2147483647;
			files = (
			);
			runOnlyForDeploymentPostprocessing = 0;
		};
		1EA4867C2EC43FAD0017F6CA /* Resources */ = {
			isa = PBXResourcesBuildPhase;
			buildActionMask = 2147483647;
			files = (
			);
			runOnlyForDeploymentPostprocessing = 0;
		};
		1EA486862EC43FAD0017F6CA /* Resources */ = {
			isa = PBXResourcesBuildPhase;
			buildActionMask = 2147483647;
			files = (
			);
			runOnlyForDeploymentPostprocessing = 0;
		};
/* End PBXResourcesBuildPhase section */

/* Begin PBXSourcesBuildPhase section */
		1E4C75F32EE86FA3004748ED /* Sources */ = {
			isa = PBXSourcesBuildPhase;
			buildActionMask = 2147483647;
			files = (
			);
			runOnlyForDeploymentPostprocessing = 0;
		};
		1E4C75FF2EE86FA5004748ED /* Sources */ = {
			isa = PBXSourcesBuildPhase;
			buildActionMask = 2147483647;
			files = (
			);
			runOnlyForDeploymentPostprocessing = 0;
		};
		1E4C76092EE86FA5004748ED /* Sources */ = {
			isa = PBXSourcesBuildPhase;
			buildActionMask = 2147483647;
			files = (
			);
			runOnlyForDeploymentPostprocessing = 0;
		};
		1EA4866D2EC43FAA0017F6CA /* Sources */ = {
			isa = PBXSourcesBuildPhase;
			buildActionMask = 2147483647;
			files = (
			);
			runOnlyForDeploymentPostprocessing = 0;
		};
		1EA4867A2EC43FAD0017F6CA /* Sources */ = {
			isa = PBXSourcesBuildPhase;
			buildActionMask = 2147483647;
			files = (
			);
			runOnlyForDeploymentPostprocessing = 0;
		};
		1EA486842EC43FAD0017F6CA /* Sources */ = {
			isa = PBXSourcesBuildPhase;
			buildActionMask = 2147483647;
			files = (
			);
			runOnlyForDeploymentPostprocessing = 0;
		};
/* End PBXSourcesBuildPhase section */

/* Begin PBXTargetDependency section */
		1E4C76052EE86FA5004748ED /* PBXTargetDependency */ = {
			isa = PBXTargetDependency;
			target = 1E4C75F62EE86FA3004748ED /* DirectGTD-iOS */;
			targetProxy = 1E4C76042EE86FA5004748ED /* PBXContainerItemProxy */;
		};
		1E4C760F2EE86FA5004748ED /* PBXTargetDependency */ = {
			isa = PBXTargetDependency;
			target = 1E4C75F62EE86FA3004748ED /* DirectGTD-iOS */;
			targetProxy = 1E4C760E2EE86FA5004748ED /* PBXContainerItemProxy */;
		};
		1EA486802EC43FAD0017F6CA /* PBXTargetDependency */ = {
			isa = PBXTargetDependency;
			target = 1EA486702EC43FAA0017F6CA /* DirectGTD */;
			targetProxy = 1EA4867F2EC43FAD0017F6CA /* PBXContainerItemProxy */;
		};
		1EA4868A2EC43FAD0017F6CA /* PBXTargetDependency */ = {
			isa = PBXTargetDependency;
			target = 1EA486702EC43FAA0017F6CA /* DirectGTD */;
			targetProxy = 1EA486892EC43FAD0017F6CA /* PBXContainerItemProxy */;
		};
/* End PBXTargetDependency section */

/* Begin XCBuildConfiguration section */
		1E4C76152EE86FA5004748ED /* Debug */ = {
			isa = XCBuildConfiguration;
			buildSettings = {
				ASSETCATALOG_COMPILER_APPICON_NAME = AppIcon;
				ASSETCATALOG_COMPILER_GLOBAL_ACCENT_COLOR_NAME = AccentColor;
				CODE_SIGN_ENTITLEMENTS = "DirectGTD-iOS/DirectGTD-iOS.entitlements";
				CODE_SIGN_STYLE = Automatic;
				CURRENT_PROJECT_VERSION = 1;
				DEVELOPMENT_TEAM = YJ76W2FDLJ;
				ENABLE_PREVIEWS = YES;
				GENERATE_INFOPLIST_FILE = YES;
				INFOPLIST_KEY_UIApplicationSceneManifest_Generation = YES;
				INFOPLIST_KEY_UIApplicationSupportsIndirectInputEvents = YES;
				INFOPLIST_KEY_UILaunchScreen_Generation = YES;
				INFOPLIST_KEY_UISupportedInterfaceOrientations_iPad = "UIInterfaceOrientationPortrait UIInterfaceOrientationPortraitUpsideDown UIInterfaceOrientationLandscapeLeft UIInterfaceOrientationLandscapeRight";
				INFOPLIST_KEY_UISupportedInterfaceOrientations_iPhone = "UIInterfaceOrientationPortrait UIInterfaceOrientationLandscapeLeft UIInterfaceOrientationLandscapeRight";
				IPHONEOS_DEPLOYMENT_TARGET = 26.0;
				LD_RUNPATH_SEARCH_PATHS = (
					"$(inherited)",
					"@executable_path/Frameworks",
				);
				MARKETING_VERSION = 1.0;
				PRODUCT_BUNDLE_IDENTIFIER = "com.zendegi.DirectGTD-iOS";
				PRODUCT_NAME = "$(TARGET_NAME)";
				SDKROOT = iphoneos;
				STRING_CATALOG_GENERATE_SYMBOLS = YES;
				SUPPORTS_MACCATALYST = NO;
				SWIFT_APPROACHABLE_CONCURRENCY = YES;
				SWIFT_DEFAULT_ACTOR_ISOLATION = MainActor;
				SWIFT_EMIT_LOC_STRINGS = YES;
				SWIFT_UPCOMING_FEATURE_MEMBER_IMPORT_VISIBILITY = YES;
				SWIFT_VERSION = 5.0;
				TARGETED_DEVICE_FAMILY = "1,2";
			};
			name = Debug;
		};
		1E4C76162EE86FA5004748ED /* Release */ = {
			isa = XCBuildConfiguration;
			buildSettings = {
				ASSETCATALOG_COMPILER_APPICON_NAME = AppIcon;
				ASSETCATALOG_COMPILER_GLOBAL_ACCENT_COLOR_NAME = AccentColor;
				CODE_SIGN_ENTITLEMENTS = "DirectGTD-iOS/DirectGTD-iOS.entitlements";
				CODE_SIGN_STYLE = Automatic;
				CURRENT_PROJECT_VERSION = 1;
				DEVELOPMENT_TEAM = YJ76W2FDLJ;
				ENABLE_PREVIEWS = YES;
				GENERATE_INFOPLIST_FILE = YES;
				INFOPLIST_KEY_UIApplicationSceneManifest_Generation = YES;
				INFOPLIST_KEY_UIApplicationSupportsIndirectInputEvents = YES;
				INFOPLIST_KEY_UILaunchScreen_Generation = YES;
				INFOPLIST_KEY_UISupportedInterfaceOrientations_iPad = "UIInterfaceOrientationPortrait UIInterfaceOrientationPortraitUpsideDown UIInterfaceOrientationLandscapeLeft UIInterfaceOrientationLandscapeRight";
				INFOPLIST_KEY_UISupportedInterfaceOrientations_iPhone = "UIInterfaceOrientationPortrait UIInterfaceOrientationLandscapeLeft UIInterfaceOrientationLandscapeRight";
				IPHONEOS_DEPLOYMENT_TARGET = 26.0;
				LD_RUNPATH_SEARCH_PATHS = (
					"$(inherited)",
					"@executable_path/Frameworks",
				);
				MARKETING_VERSION = 1.0;
				PRODUCT_BUNDLE_IDENTIFIER = "com.zendegi.DirectGTD-iOS";
				PRODUCT_NAME = "$(TARGET_NAME)";
				SDKROOT = iphoneos;
				STRING_CATALOG_GENERATE_SYMBOLS = YES;
				SUPPORTS_MACCATALYST = NO;
				SWIFT_APPROACHABLE_CONCURRENCY = YES;
				SWIFT_DEFAULT_ACTOR_ISOLATION = MainActor;
				SWIFT_EMIT_LOC_STRINGS = YES;
				SWIFT_UPCOMING_FEATURE_MEMBER_IMPORT_VISIBILITY = YES;
				SWIFT_VERSION = 5.0;
				TARGETED_DEVICE_FAMILY = "1,2";
				VALIDATE_PRODUCT = YES;
			};
			name = Release;
		};
		1E4C76172EE86FA5004748ED /* Debug */ = {
			isa = XCBuildConfiguration;
			buildSettings = {
				BUNDLE_LOADER = "$(TEST_HOST)";
				CODE_SIGN_STYLE = Automatic;
				CURRENT_PROJECT_VERSION = 1;
				DEVELOPMENT_TEAM = YJ76W2FDLJ;
				GENERATE_INFOPLIST_FILE = YES;
				IPHONEOS_DEPLOYMENT_TARGET = 26.0;
				MARKETING_VERSION = 1.0;
				PRODUCT_BUNDLE_IDENTIFIER = "com.zendegi.DirectGTD-iOSTests";
				PRODUCT_NAME = "$(TARGET_NAME)";
				SDKROOT = iphoneos;
				STRING_CATALOG_GENERATE_SYMBOLS = NO;
				SUPPORTS_MACCATALYST = NO;
				SWIFT_APPROACHABLE_CONCURRENCY = YES;
				SWIFT_EMIT_LOC_STRINGS = NO;
				SWIFT_UPCOMING_FEATURE_MEMBER_IMPORT_VISIBILITY = YES;
				SWIFT_VERSION = 5.0;
				TARGETED_DEVICE_FAMILY = "1,2";
				TEST_HOST = "$(BUILT_PRODUCTS_DIR)/DirectGTD-iOS.app/$(BUNDLE_EXECUTABLE_FOLDER_PATH)/DirectGTD-iOS";
			};
			name = Debug;
		};
		1E4C76182EE86FA5004748ED /* Release */ = {
			isa = XCBuildConfiguration;
			buildSettings = {
				BUNDLE_LOADER = "$(TEST_HOST)";
				CODE_SIGN_STYLE = Automatic;
				CURRENT_PROJECT_VERSION = 1;
				DEVELOPMENT_TEAM = YJ76W2FDLJ;
				GENERATE_INFOPLIST_FILE = YES;
				IPHONEOS_DEPLOYMENT_TARGET = 26.0;
				MARKETING_VERSION = 1.0;
				PRODUCT_BUNDLE_IDENTIFIER = "com.zendegi.DirectGTD-iOSTests";
				PRODUCT_NAME = "$(TARGET_NAME)";
				SDKROOT = iphoneos;
				STRING_CATALOG_GENERATE_SYMBOLS = NO;
				SUPPORTS_MACCATALYST = NO;
				SWIFT_APPROACHABLE_CONCURRENCY = YES;
				SWIFT_EMIT_LOC_STRINGS = NO;
				SWIFT_UPCOMING_FEATURE_MEMBER_IMPORT_VISIBILITY = YES;
				SWIFT_VERSION = 5.0;
				TARGETED_DEVICE_FAMILY = "1,2";
				TEST_HOST = "$(BUILT_PRODUCTS_DIR)/DirectGTD-iOS.app/$(BUNDLE_EXECUTABLE_FOLDER_PATH)/DirectGTD-iOS";
				VALIDATE_PRODUCT = YES;
			};
			name = Release;
		};
		1E4C76192EE86FA5004748ED /* Debug */ = {
			isa = XCBuildConfiguration;
			buildSettings = {
				CODE_SIGN_STYLE = Automatic;
				CURRENT_PROJECT_VERSION = 1;
				DEVELOPMENT_TEAM = YJ76W2FDLJ;
				GENERATE_INFOPLIST_FILE = YES;
				IPHONEOS_DEPLOYMENT_TARGET = 26.0;
				MARKETING_VERSION = 1.0;
				PRODUCT_BUNDLE_IDENTIFIER = "com.zendegi.DirectGTD-iOSUITests";
				PRODUCT_NAME = "$(TARGET_NAME)";
				SDKROOT = iphoneos;
				STRING_CATALOG_GENERATE_SYMBOLS = NO;
				SUPPORTS_MACCATALYST = NO;
				SWIFT_APPROACHABLE_CONCURRENCY = YES;
				SWIFT_EMIT_LOC_STRINGS = NO;
				SWIFT_UPCOMING_FEATURE_MEMBER_IMPORT_VISIBILITY = YES;
				SWIFT_VERSION = 5.0;
				TARGETED_DEVICE_FAMILY = "1,2";
				TEST_TARGET_NAME = "DirectGTD-iOS";
			};
			name = Debug;
		};
		1E4C761A2EE86FA5004748ED /* Release */ = {
			isa = XCBuildConfiguration;
			buildSettings = {
				CODE_SIGN_STYLE = Automatic;
				CURRENT_PROJECT_VERSION = 1;
				DEVELOPMENT_TEAM = YJ76W2FDLJ;
				GENERATE_INFOPLIST_FILE = YES;
				IPHONEOS_DEPLOYMENT_TARGET = 26.0;
				MARKETING_VERSION = 1.0;
				PRODUCT_BUNDLE_IDENTIFIER = "com.zendegi.DirectGTD-iOSUITests";
				PRODUCT_NAME = "$(TARGET_NAME)";
				SDKROOT = iphoneos;
				STRING_CATALOG_GENERATE_SYMBOLS = NO;
				SUPPORTS_MACCATALYST = NO;
				SWIFT_APPROACHABLE_CONCURRENCY = YES;
				SWIFT_EMIT_LOC_STRINGS = NO;
				SWIFT_UPCOMING_FEATURE_MEMBER_IMPORT_VISIBILITY = YES;
				SWIFT_VERSION = 5.0;
				TARGETED_DEVICE_FAMILY = "1,2";
				TEST_TARGET_NAME = "DirectGTD-iOS";
				VALIDATE_PRODUCT = YES;
			};
			name = Release;
		};
		1EA486902EC43FAD0017F6CA /* Debug */ = {
			isa = XCBuildConfiguration;
			buildSettings = {
				ALWAYS_SEARCH_USER_PATHS = NO;
				ASSETCATALOG_COMPILER_GENERATE_SWIFT_ASSET_SYMBOL_EXTENSIONS = YES;
				CLANG_ANALYZER_NONNULL = YES;
				CLANG_ANALYZER_NUMBER_OBJECT_CONVERSION = YES_AGGRESSIVE;
				CLANG_CXX_LANGUAGE_STANDARD = "gnu++20";
				CLANG_ENABLE_MODULES = YES;
				CLANG_ENABLE_OBJC_ARC = YES;
				CLANG_ENABLE_OBJC_WEAK = YES;
				CLANG_WARN_BLOCK_CAPTURE_AUTORELEASING = YES;
				CLANG_WARN_BOOL_CONVERSION = YES;
				CLANG_WARN_COMMA = YES;
				CLANG_WARN_CONSTANT_CONVERSION = YES;
				CLANG_WARN_DEPRECATED_OBJC_IMPLEMENTATIONS = YES;
				CLANG_WARN_DIRECT_OBJC_ISA_USAGE = YES_ERROR;
				CLANG_WARN_DOCUMENTATION_COMMENTS = YES;
				CLANG_WARN_EMPTY_BODY = YES;
				CLANG_WARN_ENUM_CONVERSION = YES;
				CLANG_WARN_INFINITE_RECURSION = YES;
				CLANG_WARN_INT_CONVERSION = YES;
				CLANG_WARN_NON_LITERAL_NULL_CONVERSION = YES;
				CLANG_WARN_OBJC_IMPLICIT_RETAIN_SELF = YES;
				CLANG_WARN_OBJC_LITERAL_CONVERSION = YES;
				CLANG_WARN_OBJC_ROOT_CLASS = YES_ERROR;
				CLANG_WARN_QUOTED_INCLUDE_IN_FRAMEWORK_HEADER = YES;
				CLANG_WARN_RANGE_LOOP_ANALYSIS = YES;
				CLANG_WARN_STRICT_PROTOTYPES = YES;
				CLANG_WARN_SUSPICIOUS_MOVE = YES;
				CLANG_WARN_UNGUARDED_AVAILABILITY = YES_AGGRESSIVE;
				CLANG_WARN_UNREACHABLE_CODE = YES;
				CLANG_WARN__DUPLICATE_METHOD_MATCH = YES;
				COPY_PHASE_STRIP = NO;
				DEBUG_INFORMATION_FORMAT = dwarf;
				DEVELOPMENT_TEAM = YJ76W2FDLJ;
				ENABLE_STRICT_OBJC_MSGSEND = YES;
				ENABLE_TESTABILITY = YES;
				ENABLE_USER_SCRIPT_SANDBOXING = YES;
				GCC_C_LANGUAGE_STANDARD = gnu17;
				GCC_DYNAMIC_NO_PIC = NO;
				GCC_NO_COMMON_BLOCKS = YES;
				GCC_OPTIMIZATION_LEVEL = 0;
				GCC_PREPROCESSOR_DEFINITIONS = (
					"DEBUG=1",
					"$(inherited)",
				);
				GCC_WARN_64_TO_32_BIT_CONVERSION = YES;
				GCC_WARN_ABOUT_RETURN_TYPE = YES_ERROR;
				GCC_WARN_UNDECLARED_SELECTOR = YES;
				GCC_WARN_UNINITIALIZED_AUTOS = YES_AGGRESSIVE;
				GCC_WARN_UNUSED_FUNCTION = YES;
				GCC_WARN_UNUSED_VARIABLE = YES;
				LOCALIZATION_PREFERS_STRING_CATALOGS = YES;
				MTL_ENABLE_DEBUG_INFO = INCLUDE_SOURCE;
				MTL_FAST_MATH = YES;
				ONLY_ACTIVE_ARCH = YES;
				SWIFT_ACTIVE_COMPILATION_CONDITIONS = "DEBUG $(inherited)";
				SWIFT_OPTIMIZATION_LEVEL = "-Onone";
			};
			name = Debug;
		};
		1EA486912EC43FAD0017F6CA /* Release */ = {
			isa = XCBuildConfiguration;
			buildSettings = {
				ALWAYS_SEARCH_USER_PATHS = NO;
				ASSETCATALOG_COMPILER_GENERATE_SWIFT_ASSET_SYMBOL_EXTENSIONS = YES;
				CLANG_ANALYZER_NONNULL = YES;
				CLANG_ANALYZER_NUMBER_OBJECT_CONVERSION = YES_AGGRESSIVE;
				CLANG_CXX_LANGUAGE_STANDARD = "gnu++20";
				CLANG_ENABLE_MODULES = YES;
				CLANG_ENABLE_OBJC_ARC = YES;
				CLANG_ENABLE_OBJC_WEAK = YES;
				CLANG_WARN_BLOCK_CAPTURE_AUTORELEASING = YES;
				CLANG_WARN_BOOL_CONVERSION = YES;
				CLANG_WARN_COMMA = YES;
				CLANG_WARN_CONSTANT_CONVERSION = YES;
				CLANG_WARN_DEPRECATED_OBJC_IMPLEMENTATIONS = YES;
				CLANG_WARN_DIRECT_OBJC_ISA_USAGE = YES_ERROR;
				CLANG_WARN_DOCUMENTATION_COMMENTS = YES;
				CLANG_WARN_EMPTY_BODY = YES;
				CLANG_WARN_ENUM_CONVERSION = YES;
				CLANG_WARN_INFINITE_RECURSION = YES;
				CLANG_WARN_INT_CONVERSION = YES;
				CLANG_WARN_NON_LITERAL_NULL_CONVERSION = YES;
				CLANG_WARN_OBJC_IMPLICIT_RETAIN_SELF = YES;
				CLANG_WARN_OBJC_LITERAL_CONVERSION = YES;
				CLANG_WARN_OBJC_ROOT_CLASS = YES_ERROR;
				CLANG_WARN_QUOTED_INCLUDE_IN_FRAMEWORK_HEADER = YES;
				CLANG_WARN_RANGE_LOOP_ANALYSIS = YES;
				CLANG_WARN_STRICT_PROTOTYPES = YES;
				CLANG_WARN_SUSPICIOUS_MOVE = YES;
				CLANG_WARN_UNGUARDED_AVAILABILITY = YES_AGGRESSIVE;
				CLANG_WARN_UNREACHABLE_CODE = YES;
				CLANG_WARN__DUPLICATE_METHOD_MATCH = YES;
				COPY_PHASE_STRIP = NO;
				DEBUG_INFORMATION_FORMAT = "dwarf-with-dsym";
				DEVELOPMENT_TEAM = YJ76W2FDLJ;
				ENABLE_NS_ASSERTIONS = NO;
				ENABLE_STRICT_OBJC_MSGSEND = YES;
				ENABLE_USER_SCRIPT_SANDBOXING = YES;
				GCC_C_LANGUAGE_STANDARD = gnu17;
				GCC_NO_COMMON_BLOCKS = YES;
				GCC_WARN_64_TO_32_BIT_CONVERSION = YES;
				GCC_WARN_ABOUT_RETURN_TYPE = YES_ERROR;
				GCC_WARN_UNDECLARED_SELECTOR = YES;
				GCC_WARN_UNINITIALIZED_AUTOS = YES_AGGRESSIVE;
				GCC_WARN_UNUSED_FUNCTION = YES;
				GCC_WARN_UNUSED_VARIABLE = YES;
				LOCALIZATION_PREFERS_STRING_CATALOGS = YES;
				MTL_ENABLE_DEBUG_INFO = NO;
				MTL_FAST_MATH = YES;
				SWIFT_COMPILATION_MODE = wholemodule;
			};
			name = Release;
		};
		1EA486932EC43FAD0017F6CA /* Debug */ = {
			isa = XCBuildConfiguration;
			buildSettings = {
				ASSETCATALOG_COMPILER_APPICON_NAME = AppIcon;
				ASSETCATALOG_COMPILER_GLOBAL_ACCENT_COLOR_NAME = AccentColor;
				CODE_SIGN_ENTITLEMENTS = DirectGTD/DirectGTD.entitlements;
				CODE_SIGN_STYLE = Automatic;
				CURRENT_PROJECT_VERSION = 1;
				DEVELOPMENT_TEAM = YJ76W2FDLJ;
				ENABLE_APP_SANDBOX = NO;
				ENABLE_HARDENED_RUNTIME = YES;
				ENABLE_PREVIEWS = YES;
				ENABLE_USER_SELECTED_FILES = readonly;
				GENERATE_INFOPLIST_FILE = NO;
				INFOPLIST_FILE = DirectGTD/Info.plist;
				"INFOPLIST_KEY_UIApplicationSceneManifest_Generation[sdk=iphoneos*]" = YES;
				"INFOPLIST_KEY_UIApplicationSceneManifest_Generation[sdk=iphonesimulator*]" = YES;
				"INFOPLIST_KEY_UIApplicationSupportsIndirectInputEvents[sdk=iphoneos*]" = YES;
				"INFOPLIST_KEY_UIApplicationSupportsIndirectInputEvents[sdk=iphonesimulator*]" = YES;
				"INFOPLIST_KEY_UILaunchScreen_Generation[sdk=iphoneos*]" = YES;
				"INFOPLIST_KEY_UILaunchScreen_Generation[sdk=iphonesimulator*]" = YES;
				"INFOPLIST_KEY_UIStatusBarStyle[sdk=iphoneos*]" = UIStatusBarStyleDefault;
				"INFOPLIST_KEY_UIStatusBarStyle[sdk=iphonesimulator*]" = UIStatusBarStyleDefault;
				INFOPLIST_KEY_UISupportedInterfaceOrientations_iPad = "UIInterfaceOrientationPortrait UIInterfaceOrientationPortraitUpsideDown UIInterfaceOrientationLandscapeLeft UIInterfaceOrientationLandscapeRight";
				INFOPLIST_KEY_UISupportedInterfaceOrientations_iPhone = "UIInterfaceOrientationPortrait UIInterfaceOrientationLandscapeLeft UIInterfaceOrientationLandscapeRight";
				IPHONEOS_DEPLOYMENT_TARGET = 26.1;
				LD_RUNPATH_SEARCH_PATHS = "@executable_path/Frameworks";
				"LD_RUNPATH_SEARCH_PATHS[sdk=macosx*]" = "@executable_path/../Frameworks";
				MACOSX_DEPLOYMENT_TARGET = 26.0;
				MARKETING_VERSION = 1.0;
				PRODUCT_BUNDLE_IDENTIFIER = com.zendegi.DirectGTD;
				PRODUCT_NAME = "$(TARGET_NAME)";
				REGISTER_APP_GROUPS = YES;
				SDKROOT = auto;
				STRING_CATALOG_GENERATE_SYMBOLS = YES;
				SUPPORTED_PLATFORMS = "iphoneos iphonesimulator macosx xros xrsimulator";
				SWIFT_APPROACHABLE_CONCURRENCY = YES;
				SWIFT_DEFAULT_ACTOR_ISOLATION = MainActor;
				SWIFT_EMIT_LOC_STRINGS = YES;
				SWIFT_UPCOMING_FEATURE_MEMBER_IMPORT_VISIBILITY = YES;
				SWIFT_VERSION = 5.0;
				TARGETED_DEVICE_FAMILY = "1,2,7";
				XROS_DEPLOYMENT_TARGET = 26.1;
			};
			name = Debug;
		};
		1EA486942EC43FAD0017F6CA /* Release */ = {
			isa = XCBuildConfiguration;
			buildSettings = {
				ASSETCATALOG_COMPILER_APPICON_NAME = AppIcon;
				ASSETCATALOG_COMPILER_GLOBAL_ACCENT_COLOR_NAME = AccentColor;
				CODE_SIGN_ENTITLEMENTS = DirectGTD/DirectGTD.entitlements;
				CODE_SIGN_STYLE = Automatic;
				CURRENT_PROJECT_VERSION = 1;
				DEVELOPMENT_TEAM = YJ76W2FDLJ;
				ENABLE_APP_SANDBOX = NO;
				ENABLE_HARDENED_RUNTIME = YES;
				ENABLE_PREVIEWS = YES;
				ENABLE_USER_SELECTED_FILES = readonly;
				GENERATE_INFOPLIST_FILE = NO;
				INFOPLIST_FILE = DirectGTD/Info.plist;
				"INFOPLIST_KEY_UIApplicationSceneManifest_Generation[sdk=iphoneos*]" = YES;
				"INFOPLIST_KEY_UIApplicationSceneManifest_Generation[sdk=iphonesimulator*]" = YES;
				"INFOPLIST_KEY_UIApplicationSupportsIndirectInputEvents[sdk=iphoneos*]" = YES;
				"INFOPLIST_KEY_UIApplicationSupportsIndirectInputEvents[sdk=iphonesimulator*]" = YES;
				"INFOPLIST_KEY_UILaunchScreen_Generation[sdk=iphoneos*]" = YES;
				"INFOPLIST_KEY_UILaunchScreen_Generation[sdk=iphonesimulator*]" = YES;
				"INFOPLIST_KEY_UIStatusBarStyle[sdk=iphoneos*]" = UIStatusBarStyleDefault;
				"INFOPLIST_KEY_UIStatusBarStyle[sdk=iphonesimulator*]" = UIStatusBarStyleDefault;
				INFOPLIST_KEY_UISupportedInterfaceOrientations_iPad = "UIInterfaceOrientationPortrait UIInterfaceOrientationPortraitUpsideDown UIInterfaceOrientationLandscapeLeft UIInterfaceOrientationLandscapeRight";
				INFOPLIST_KEY_UISupportedInterfaceOrientations_iPhone = "UIInterfaceOrientationPortrait UIInterfaceOrientationLandscapeLeft UIInterfaceOrientationLandscapeRight";
				IPHONEOS_DEPLOYMENT_TARGET = 26.1;
				LD_RUNPATH_SEARCH_PATHS = "@executable_path/Frameworks";
				"LD_RUNPATH_SEARCH_PATHS[sdk=macosx*]" = "@executable_path/../Frameworks";
				MACOSX_DEPLOYMENT_TARGET = 26.0;
				MARKETING_VERSION = 1.0;
				PRODUCT_BUNDLE_IDENTIFIER = com.zendegi.DirectGTD;
				PRODUCT_NAME = "$(TARGET_NAME)";
				REGISTER_APP_GROUPS = YES;
				SDKROOT = auto;
				STRING_CATALOG_GENERATE_SYMBOLS = YES;
				SUPPORTED_PLATFORMS = "iphoneos iphonesimulator macosx xros xrsimulator";
				SWIFT_APPROACHABLE_CONCURRENCY = YES;
				SWIFT_DEFAULT_ACTOR_ISOLATION = MainActor;
				SWIFT_EMIT_LOC_STRINGS = YES;
				SWIFT_UPCOMING_FEATURE_MEMBER_IMPORT_VISIBILITY = YES;
				SWIFT_VERSION = 5.0;
				TARGETED_DEVICE_FAMILY = "1,2,7";
				XROS_DEPLOYMENT_TARGET = 26.1;
			};
			name = Release;
		};
		1EA486962EC43FAD0017F6CA /* Debug */ = {
			isa = XCBuildConfiguration;
			buildSettings = {
				BUNDLE_LOADER = "$(TEST_HOST)";
				CODE_SIGN_STYLE = Automatic;
				CURRENT_PROJECT_VERSION = 1;
				DEVELOPMENT_TEAM = YJ76W2FDLJ;
				GENERATE_INFOPLIST_FILE = YES;
				IPHONEOS_DEPLOYMENT_TARGET = 26.1;
				MACOSX_DEPLOYMENT_TARGET = 26.0;
				MARKETING_VERSION = 1.0;
				PRODUCT_BUNDLE_IDENTIFIER = com.zendegi.DirectGTDTests;
				PRODUCT_NAME = "$(TARGET_NAME)";
				SDKROOT = auto;
				STRING_CATALOG_GENERATE_SYMBOLS = NO;
				SUPPORTED_PLATFORMS = "iphoneos iphonesimulator macosx xros xrsimulator";
				SWIFT_APPROACHABLE_CONCURRENCY = YES;
				SWIFT_EMIT_LOC_STRINGS = NO;
				SWIFT_UPCOMING_FEATURE_MEMBER_IMPORT_VISIBILITY = YES;
				SWIFT_VERSION = 5.0;
				TARGETED_DEVICE_FAMILY = "1,2,7";
				TEST_HOST = "$(BUILT_PRODUCTS_DIR)/DirectGTD.app/$(BUNDLE_EXECUTABLE_FOLDER_PATH)/DirectGTD";
				XROS_DEPLOYMENT_TARGET = 26.1;
			};
			name = Debug;
		};
		1EA486972EC43FAD0017F6CA /* Release */ = {
			isa = XCBuildConfiguration;
			buildSettings = {
				BUNDLE_LOADER = "$(TEST_HOST)";
				CODE_SIGN_STYLE = Automatic;
				CURRENT_PROJECT_VERSION = 1;
				DEVELOPMENT_TEAM = YJ76W2FDLJ;
				GENERATE_INFOPLIST_FILE = YES;
				IPHONEOS_DEPLOYMENT_TARGET = 26.1;
				MACOSX_DEPLOYMENT_TARGET = 26.0;
				MARKETING_VERSION = 1.0;
				PRODUCT_BUNDLE_IDENTIFIER = com.zendegi.DirectGTDTests;
				PRODUCT_NAME = "$(TARGET_NAME)";
				SDKROOT = auto;
				STRING_CATALOG_GENERATE_SYMBOLS = NO;
				SUPPORTED_PLATFORMS = "iphoneos iphonesimulator macosx xros xrsimulator";
				SWIFT_APPROACHABLE_CONCURRENCY = YES;
				SWIFT_EMIT_LOC_STRINGS = NO;
				SWIFT_UPCOMING_FEATURE_MEMBER_IMPORT_VISIBILITY = YES;
				SWIFT_VERSION = 5.0;
				TARGETED_DEVICE_FAMILY = "1,2,7";
				TEST_HOST = "$(BUILT_PRODUCTS_DIR)/DirectGTD.app/$(BUNDLE_EXECUTABLE_FOLDER_PATH)/DirectGTD";
				XROS_DEPLOYMENT_TARGET = 26.1;
			};
			name = Release;
		};
		1EA486992EC43FAD0017F6CA /* Debug */ = {
			isa = XCBuildConfiguration;
			buildSettings = {
				CODE_SIGN_STYLE = Automatic;
				CURRENT_PROJECT_VERSION = 1;
				DEVELOPMENT_TEAM = YJ76W2FDLJ;
				GENERATE_INFOPLIST_FILE = YES;
				IPHONEOS_DEPLOYMENT_TARGET = 26.1;
				MACOSX_DEPLOYMENT_TARGET = 26.0;
				MARKETING_VERSION = 1.0;
				PRODUCT_BUNDLE_IDENTIFIER = com.zendegi.DirectGTDUITests;
				PRODUCT_NAME = "$(TARGET_NAME)";
				SDKROOT = auto;
				STRING_CATALOG_GENERATE_SYMBOLS = NO;
				SUPPORTED_PLATFORMS = "iphoneos iphonesimulator macosx xros xrsimulator";
				SWIFT_APPROACHABLE_CONCURRENCY = YES;
				SWIFT_EMIT_LOC_STRINGS = NO;
				SWIFT_UPCOMING_FEATURE_MEMBER_IMPORT_VISIBILITY = YES;
				SWIFT_VERSION = 5.0;
				TARGETED_DEVICE_FAMILY = "1,2,7";
				TEST_TARGET_NAME = DirectGTD;
				XROS_DEPLOYMENT_TARGET = 26.1;
			};
			name = Debug;
		};
		1EA4869A2EC43FAD0017F6CA /* Release */ = {
			isa = XCBuildConfiguration;
			buildSettings = {
				CODE_SIGN_STYLE = Automatic;
				CURRENT_PROJECT_VERSION = 1;
				DEVELOPMENT_TEAM = YJ76W2FDLJ;
				GENERATE_INFOPLIST_FILE = YES;
				IPHONEOS_DEPLOYMENT_TARGET = 26.1;
				MACOSX_DEPLOYMENT_TARGET = 26.0;
				MARKETING_VERSION = 1.0;
				PRODUCT_BUNDLE_IDENTIFIER = com.zendegi.DirectGTDUITests;
				PRODUCT_NAME = "$(TARGET_NAME)";
				SDKROOT = auto;
				STRING_CATALOG_GENERATE_SYMBOLS = NO;
				SUPPORTED_PLATFORMS = "iphoneos iphonesimulator macosx xros xrsimulator";
				SWIFT_APPROACHABLE_CONCURRENCY = YES;
				SWIFT_EMIT_LOC_STRINGS = NO;
				SWIFT_UPCOMING_FEATURE_MEMBER_IMPORT_VISIBILITY = YES;
				SWIFT_VERSION = 5.0;
				TARGETED_DEVICE_FAMILY = "1,2,7";
				TEST_TARGET_NAME = DirectGTD;
				XROS_DEPLOYMENT_TARGET = 26.1;
			};
			name = Release;
		};
/* End XCBuildConfiguration section */

/* Begin XCConfigurationList section */
		1E4C761B2EE86FA5004748ED /* Build configuration list for PBXNativeTarget "DirectGTD-iOS" */ = {
			isa = XCConfigurationList;
			buildConfigurations = (
				1E4C76152EE86FA5004748ED /* Debug */,
				1E4C76162EE86FA5004748ED /* Release */,
			);
			defaultConfigurationIsVisible = 0;
			defaultConfigurationName = Release;
		};
		1E4C761C2EE86FA5004748ED /* Build configuration list for PBXNativeTarget "DirectGTD-iOSTests" */ = {
			isa = XCConfigurationList;
			buildConfigurations = (
				1E4C76172EE86FA5004748ED /* Debug */,
				1E4C76182EE86FA5004748ED /* Release */,
			);
			defaultConfigurationIsVisible = 0;
			defaultConfigurationName = Release;
		};
		1E4C761D2EE86FA5004748ED /* Build configuration list for PBXNativeTarget "DirectGTD-iOSUITests" */ = {
			isa = XCConfigurationList;
			buildConfigurations = (
				1E4C76192EE86FA5004748ED /* Debug */,
				1E4C761A2EE86FA5004748ED /* Release */,
			);
			defaultConfigurationIsVisible = 0;
			defaultConfigurationName = Release;
		};
		1EA4866C2EC43FAA0017F6CA /* Build configuration list for PBXProject "DirectGTD" */ = {
			isa = XCConfigurationList;
			buildConfigurations = (
				1EA486902EC43FAD0017F6CA /* Debug */,
				1EA486912EC43FAD0017F6CA /* Release */,
			);
			defaultConfigurationIsVisible = 0;
			defaultConfigurationName = Release;
		};
		1EA486922EC43FAD0017F6CA /* Build configuration list for PBXNativeTarget "DirectGTD" */ = {
			isa = XCConfigurationList;
			buildConfigurations = (
				1EA486932EC43FAD0017F6CA /* Debug */,
				1EA486942EC43FAD0017F6CA /* Release */,
			);
			defaultConfigurationIsVisible = 0;
			defaultConfigurationName = Release;
		};
		1EA486952EC43FAD0017F6CA /* Build configuration list for PBXNativeTarget "DirectGTDTests" */ = {
			isa = XCConfigurationList;
			buildConfigurations = (
				1EA486962EC43FAD0017F6CA /* Debug */,
				1EA486972EC43FAD0017F6CA /* Release */,
			);
			defaultConfigurationIsVisible = 0;
			defaultConfigurationName = Release;
		};
		1EA486982EC43FAD0017F6CA /* Build configuration list for PBXNativeTarget "DirectGTDUITests" */ = {
			isa = XCConfigurationList;
			buildConfigurations = (
				1EA486992EC43FAD0017F6CA /* Debug */,
				1EA4869A2EC43FAD0017F6CA /* Release */,
			);
			defaultConfigurationIsVisible = 0;
			defaultConfigurationName = Release;
		};
/* End XCConfigurationList section */

/* Begin XCLocalSwiftPackageReference section */
		1EA486B32EC5000000000002 /* XCLocalSwiftPackageReference "DirectGTDCore" */ = {
			isa = XCLocalSwiftPackageReference;
			relativePath = DirectGTDCore;
		};
/* End XCLocalSwiftPackageReference section */

/* Begin XCRemoteSwiftPackageReference section */
		1EA486A72EC443DF0017F6CA /* XCRemoteSwiftPackageReference "GRDB" */ = {
			isa = XCRemoteSwiftPackageReference;
			repositoryURL = "https://github.com/groue/GRDB.swift";
			requirement = {
				branch = master;
				kind = branch;
			};
		};
		1EA486AA2EC443E00017F6CA /* XCRemoteSwiftPackageReference "swift-markdown-ui" */ = {
			isa = XCRemoteSwiftPackageReference;
			repositoryURL = "https://github.com/gonzalezreal/swift-markdown-ui";
			requirement = {
				kind = upToNextMajorVersion;
				minimumVersion = 2.4.0;
			};
		};
/* End XCRemoteSwiftPackageReference section */

/* Begin XCSwiftPackageProductDependency section */
		1E4C761E2EE87A3A004748ED /* DirectGTDCore */ = {
			isa = XCSwiftPackageProductDependency;
			productName = DirectGTDCore;
		};
		1EA486A82EC443DF0017F6CA /* GRDB */ = {
			isa = XCSwiftPackageProductDependency;
			package = 1EA486A72EC443DF0017F6CA /* XCRemoteSwiftPackageReference "GRDB" */;
			productName = GRDB;
		};
		1EA486AB2EC443E00017F6CA /* MarkdownUI */ = {
			isa = XCSwiftPackageProductDependency;
			package = 1EA486AA2EC443E00017F6CA /* XCRemoteSwiftPackageReference "swift-markdown-ui" */;
			productName = MarkdownUI;
		};
		1EA486B12EC5000000000001 /* DirectGTDCore */ = {
			isa = XCSwiftPackageProductDependency;
			package = 1EA486B32EC5000000000002 /* XCLocalSwiftPackageReference "DirectGTDCore" */;
			productName = DirectGTDCore;
		};
		1EA486B42EC5000000000003 /* DirectGTDCore */ = {
			isa = XCSwiftPackageProductDependency;
			package = 1EA486B32EC5000000000002 /* XCLocalSwiftPackageReference "DirectGTDCore" */;
			productName = DirectGTDCore;
		};
		1EA486B52EC5000000000004 /* DirectGTDCore */ = {
			isa = XCSwiftPackageProductDependency;
			package = 1EA486B32EC5000000000002 /* XCLocalSwiftPackageReference "DirectGTDCore" */;
			productName = DirectGTDCore;
		};
		1EF675342EE8432300BB5B6F /* GRDB */ = {
			isa = XCSwiftPackageProductDependency;
			package = 1EA486A72EC443DF0017F6CA /* XCRemoteSwiftPackageReference "GRDB" */;
			productName = GRDB;
		};
		1EF675362EE846FD00BB5B6F /* GRDB */ = {
			isa = XCSwiftPackageProductDependency;
			package = 1EA486A72EC443DF0017F6CA /* XCRemoteSwiftPackageReference "GRDB" */;
			productName = GRDB;
		};
/* End XCSwiftPackageProductDependency section */
	};
	rootObject = 1EA486692EC43FAA0017F6CA /* Project object */;
}
